
Microsoft Visual Studio Solution File, Format Version 12.00
# Visual Studio Version 16
VisualStudioVersion = 16.0.30907.101
MinimumVisualStudioVersion = 10.0.40219.1
Project("{FAE04EC0-301F-11D3-BF4B-00C04F79EFBC}") = "Brackeys Tutorial. NEW!", "Brackeys Tutorial. NEW!.csproj", "{C62B4408-83DA-4D99-8529-0D5BEB33EE43}"
EndProject
Global
	GlobalSection(SolutionConfigurationPlatforms) = preSolution
		Debug|Any CPU = Debug|Any CPU
		Release|Any CPU = Release|Any CPU
	EndGlobalSection
	GlobalSection(ProjectConfigurationPlatforms) = postSolution
		{C62B4408-83DA-4D99-8529-0D5BEB33EE43}.Debug|Any CPU.ActiveCfg = Debug|Any CPU
		{C62B4408-83DA-4D99-8529-0D5BEB33EE43}.Debug|Any CPU.Build.0 = Debug|Any CPU
		{C62B4408-83DA-4D99-8529-0D5BEB33EE43}.Release|Any CPU.ActiveCfg = Release|Any CPU
		{C62B4408-83DA-4D99-8529-0D5BEB33EE43}.Release|Any CPU.Build.0 = Release|Any CPU
	EndGlobalSection
	GlobalSection(SolutionProperties) = preSolution
		HideSolutionNode = FALSE
	EndGlobalSection
	GlobalSection(ExtensibilityGlobals) = postSolution
		SolutionGuid = {79BE8685-0C73-4637-BCC6-91FB36D54562}
	EndGlobalSection
EndGlobal
